// !$*UTF8*$!
{
	archiveVersion = 1;
	classes = {
	};
	objectVersion = 55;
	objects = {

/* Begin PBXBuildFile section */
		B7911FDA9B93CE5EFCEDFE50 /* Pods_SpringAnimation.framework in Frameworks */ = {isa = PBXBuildFile; fileRef = 67336922E186116DB40240E8 /* Pods_SpringAnimation.framework */; };
		D3EFCDFF27FCBD6E00FEB1F3 /* AppDelegate.swift in Sources */ = {isa = PBXBuildFile; fileRef = D3EFCDFE27FCBD6E00FEB1F3 /* AppDelegate.swift */; };
		D3EFCE0127FCBD6E00FEB1F3 /* SceneDelegate.swift in Sources */ = {isa = PBXBuildFile; fileRef = D3EFCE0027FCBD6E00FEB1F3 /* SceneDelegate.swift */; };
		D3EFCE0327FCBD6E00FEB1F3 /* ViewController.swift in Sources */ = {isa = PBXBuildFile; fileRef = D3EFCE0227FCBD6E00FEB1F3 /* ViewController.swift */; };
		D3EFCE0627FCBD6E00FEB1F3 /* Main.storyboard in Resources */ = {isa = PBXBuildFile; fileRef = D3EFCE0427FCBD6E00FEB1F3 /* Main.storyboard */; };
		D3EFCE0827FCBD6F00FEB1F3 /* Assets.xcassets in Resources */ = {isa = PBXBuildFile; fileRef = D3EFCE0727FCBD6F00FEB1F3 /* Assets.xcassets */; };
		D3EFCE0B27FCBD6F00FEB1F3 /* LaunchScreen.storyboard in Resources */ = {isa = PBXBuildFile; fileRef = D3EFCE0927FCBD6F00FEB1F3 /* LaunchScreen.storyboard */; };
/* End PBXBuildFile section */

/* Begin PBXFileReference section */
		67336922E186116DB40240E8 /* Pods_SpringAnimation.framework */ = {isa = PBXFileReference; explicitFileType = wrapper.framework; includeInIndex = 0; path = Pods_SpringAnimation.framework; sourceTree = BUILT_PRODUCTS_DIR; };
		BDA8EE10A1873A878F202393 /* Pods-SpringAnimation.debug.xcconfig */ = {isa = PBXFileReference; includeInIndex = 1; lastKnownFileType = text.xcconfig; name = "Pods-SpringAnimation.debug.xcconfig"; path = "Target Support Files/Pods-SpringAnimation/Pods-SpringAnimation.debug.xcconfig"; sourceTree = "<group>"; };
		D3EFCDFB27FCBD6E00FEB1F3 /* SpringAnimation.app */ = {isa = PBXFileReference; explicitFileType = wrapper.application; includeInIndex = 0; path = SpringAnimation.app; sourceTree = BUILT_PRODUCTS_DIR; };
		D3EFCDFE27FCBD6E00FEB1F3 /* AppDelegate.swift */ = {isa = PBXFileReference; lastKnownFileType = sourcecode.swift; path = AppDelegate.swift; sourceTree = "<group>"; };
		D3EFCE0027FCBD6E00FEB1F3 /* SceneDelegate.swift */ = {isa = PBXFileReference; lastKnownFileType = sourcecode.swift; path = SceneDelegate.swift; sourceTree = "<group>"; };
		D3EFCE0227FCBD6E00FEB1F3 /* ViewController.swift */ = {isa = PBXFileReference; lastKnownFileType = sourcecode.swift; path = ViewController.swift; sourceTree = "<group>"; };
		D3EFCE0527FCBD6E00FEB1F3 /* Base */ = {isa = PBXFileReference; lastKnownFileType = file.storyboard; name = Base; path = Base.lproj/Main.storyboard; sourceTree = "<group>"; };
		D3EFCE0727FCBD6F00FEB1F3 /* Assets.xcassets */ = {isa = PBXFileReference; lastKnownFileType = folder.assetcatalog; path = Assets.xcassets; sourceTree = "<group>"; };
		D3EFCE0A27FCBD6F00FEB1F3 /* Base */ = {isa = PBXFileReference; lastKnownFileType = file.storyboard; name = Base; path = Base.lproj/LaunchScreen.storyboard; sourceTree = "<group>"; };
		D3EFCE0C27FCBD6F00FEB1F3 /* Info.plist */ = {isa = PBXFileReference; lastKnownFileType = text.plist.xml; path = Info.plist; sourceTree = "<group>"; };
		FBB1387375F57F40B0B9AC1B /* Pods-SpringAnimation.release.xcconfig */ = {isa = PBXFileReference; includeInIndex = 1; lastKnownFileType = text.xcconfig; name = "Pods-SpringAnimation.release.xcconfig"; path = "Target Support Files/Pods-SpringAnimation/Pods-SpringAnimation.release.xcconfig"; sourceTree = "<group>"; };
/* End PBXFileReference section */

/* Begin PBXFrameworksBuildPhase section */
		D3EFCDF827FCBD6E00FEB1F3 /* Frameworks */ = {
			isa = PBXFrameworksBuildPhase;
			buildActionMask = 2147483647;
			files = (
				B7911FDA9B93CE5EFCEDFE50 /* Pods_SpringAnimation.framework in Frameworks */,
			);
			runOnlyForDeploymentPostprocessing = 0;
		};
/* End PBXFrameworksBuildPhase section */

/* Begin PBXGroup section */
		3AE952AC975CF953DC610878 /* Frameworks */ = {
			isa = PBXGroup;
			children = (
				67336922E186116DB40240E8 /* Pods_SpringAnimation.framework */,
			);
			name = Frameworks;
			sourceTree = "<group>";
		};
		3C6A726A21091CEB18F08D3C /* Pods */ = {
			isa = PBXGroup;
			children = (
				BDA8EE10A1873A878F202393 /* Pods-SpringAnimation.debug.xcconfig */,
				FBB1387375F57F40B0B9AC1B /* Pods-SpringAnimation.release.xcconfig */,
			);
			name = Pods;
			path = Pods;
			sourceTree = "<group>";
		};
		D3EFCDF227FCBD6E00FEB1F3 = {
			isa = PBXGroup;
			children = (
				D3EFCDFD27FCBD6E00FEB1F3 /* SpringAnimation */,
				D3EFCDFC27FCBD6E00FEB1F3 /* Products */,
				3C6A726A21091CEB18F08D3C /* Pods */,
				3AE952AC975CF953DC610878 /* Frameworks */,
			);
			sourceTree = "<group>";
		};
		D3EFCDFC27FCBD6E00FEB1F3 /* Products */ = {
			isa = PBXGroup;
			children = (
				D3EFCDFB27FCBD6E00FEB1F3 /* SpringAnimation.app */,
			);
			name = Products;
			sourceTree = "<group>";
		};
		D3EFCDFD27FCBD6E00FEB1F3 /* SpringAnimation */ = {
			isa = PBXGroup;
			children = (
				D3EFCE1427FCCCE400FEB1F3 /* App */,
				D3EFCE1527FCCCE800FEB1F3 /* ViewControllers */,
				D3EFCE1327FCCCD500FEB1F3 /* Storyboards */,
				D3EFCE1227FCCCCB00FEB1F3 /* Resources */,
			);
			path = SpringAnimation;
			sourceTree = "<group>";
		};
		D3EFCE1227FCCCCB00FEB1F3 /* Resources */ = {
			isa = PBXGroup;
			children = (
				D3EFCE0727FCBD6F00FEB1F3 /* Assets.xcassets */,
			);
			path = Resources;
			sourceTree = "<group>";
		};
		D3EFCE1327FCCCD500FEB1F3 /* Storyboards */ = {
			isa = PBXGroup;
			children = (
				D3EFCE0427FCBD6E00FEB1F3 /* Main.storyboard */,
				D3EFCE0927FCBD6F00FEB1F3 /* LaunchScreen.storyboard */,
			);
			path = Storyboards;
			sourceTree = "<group>";
		};
		D3EFCE1427FCCCE400FEB1F3 /* App */ = {
			isa = PBXGroup;
			children = (
				D3EFCDFE27FCBD6E00FEB1F3 /* AppDelegate.swift */,
				D3EFCE0027FCBD6E00FEB1F3 /* SceneDelegate.swift */,
				D3EFCE0C27FCBD6F00FEB1F3 /* Info.plist */,
			);
			path = App;
			sourceTree = "<group>";
		};
		D3EFCE1527FCCCE800FEB1F3 /* ViewControllers */ = {
			isa = PBXGroup;
			children = (
				D3EFCE0227FCBD6E00FEB1F3 /* ViewController.swift */,
			);
			path = ViewControllers;
			sourceTree = "<group>";
		};
/* End PBXGroup section */

/* Begin PBXNativeTarget section */
		D3EFCDFA27FCBD6E00FEB1F3 /* SpringAnimation */ = {
			isa = PBXNativeTarget;
			buildConfigurationList = D3EFCE0F27FCBD6F00FEB1F3 /* Build configuration list for PBXNativeTarget "SpringAnimation" */;
			buildPhases = (
				85A27D8A42ACA970ECDE21EC /* [CP] Check Pods Manifest.lock */,
				D3EFCDF727FCBD6E00FEB1F3 /* Sources */,
				D3EFCDF827FCBD6E00FEB1F3 /* Frameworks */,
				D3EFCDF927FCBD6E00FEB1F3 /* Resources */,
				56610C0ECC260DA66F6126FC /* [CP] Embed Pods Frameworks */,
			);
			buildRules = (
			);
			dependencies = (
			);
			name = SpringAnimation;
			productName = SpringAnimation;
			productReference = D3EFCDFB27FCBD6E00FEB1F3 /* SpringAnimation.app */;
			productType = "com.apple.product-type.application";
		};
/* End PBXNativeTarget section */

/* Begin PBXProject section */
		D3EFCDF327FCBD6E00FEB1F3 /* Project object */ = {
			isa = PBXProject;
			attributes = {
				BuildIndependentTargetsInParallel = 1;
				LastSwiftUpdateCheck = 1330;
				LastUpgradeCheck = 1330;
				TargetAttributes = {
					D3EFCDFA27FCBD6E00FEB1F3 = {
						CreatedOnToolsVersion = 13.3;
					};
				};
			};
			buildConfigurationList = D3EFCDF627FCBD6E00FEB1F3 /* Build configuration list for PBXProject "SpringAnimation" */;
			compatibilityVersion = "Xcode 13.0";
			developmentRegion = en;
			hasScannedForEncodings = 0;
			knownRegions = (
				en,
				Base,
			);
			mainGroup = D3EFCDF227FCBD6E00FEB1F3;
			productRefGroup = D3EFCDFC27FCBD6E00FEB1F3 /* Products */;
			projectDirPath = "";
			projectRoot = "";
			targets = (
				D3EFCDFA27FCBD6E00FEB1F3 /* SpringAnimation */,
			);
		};
/* End PBXProject section */

/* Begin PBXResourcesBuildPhase section */
		D3EFCDF927FCBD6E00FEB1F3 /* Resources */ = {
			isa = PBXResourcesBuildPhase;
			buildActionMask = 2147483647;
			files = (
				D3EFCE0B27FCBD6F00FEB1F3 /* LaunchScreen.storyboard in Resources */,
				D3EFCE0827FCBD6F00FEB1F3 /* Assets.xcassets in Resources */,
				D3EFCE0627FCBD6E00FEB1F3 /* Main.storyboard in Resources */,
			);
			runOnlyForDeploymentPostprocessing = 0;
		};
/* End PBXResourcesBuildPhase section */

/* Begin PBXShellScriptBuildPhase section */
		56610C0ECC260DA66F6126FC /* [CP] Embed Pods Frameworks */ = {
			isa = PBXShellScriptBuildPhase;
			buildActionMask = 2147483647;
			files = (
			);
			inputFileListPaths = (
				"${PODS_ROOT}/Target Support Files/Pods-SpringAnimation/Pods-SpringAnimation-frameworks-${CONFIGURATION}-input-files.xcfilelist",
			);
			name = "[CP] Embed Pods Frameworks";
			outputFileListPaths = (
				"${PODS_ROOT}/Target Support Files/Pods-SpringAnimation/Pods-SpringAnimation-frameworks-${CONFIGURATION}-output-files.xcfilelist",
			);
			runOnlyForDeploymentPostprocessing = 0;
			shellPath = /bin/sh;
			shellScript = "\"${PODS_ROOT}/Target Support Files/Pods-SpringAnimation/Pods-SpringAnimation-frameworks.sh\"\n";
			showEnvVarsInLog = 0;
		};
		85A27D8A42ACA970ECDE21EC /* [CP] Check Pods Manifest.lock */ = {
			isa = PBXShellScriptBuildPhase;
			buildActionMask = 2147483647;
			files = (
			);
			inputFileListPaths = (
			);
			inputPaths = (
				"${PODS_PODFILE_DIR_PATH}/Podfile.lock",
				"${PODS_ROOT}/Manifest.lock",
			);
			name = "[CP] Check Pods Manifest.lock";
			outputFileListPaths = (
			);
			outputPaths = (
				"$(DERIVED_FILE_DIR)/Pods-SpringAnimation-checkManifestLockResult.txt",
			);
			runOnlyForDeploymentPostprocessing = 0;
			shellPath = /bin/sh;
			shellScript = "diff \"${PODS_PODFILE_DIR_PATH}/Podfile.lock\" \"${PODS_ROOT}/Manifest.lock\" > /dev/null\nif [ $? != 0 ] ; then\n    # print error to STDERR\n    echo \"error: The sandbox is not in sync with the Podfile.lock. Run 'pod install' or update your CocoaPods installation.\" >&2\n    exit 1\nfi\n# This output is used by Xcode 'outputs' to avoid re-running this script phase.\necho \"SUCCESS\" > \"${SCRIPT_OUTPUT_FILE_0}\"\n";
			showEnvVarsInLog = 0;
		};
/* End PBXShellScriptBuildPhase section */

/* Begin PBXSourcesBuildPhase section */
		D3EFCDF727FCBD6E00FEB1F3 /* Sources */ = {
			isa = PBXSourcesBuildPhase;
			buildActionMask = 2147483647;
			files = (
				D3EFCE0327FCBD6E00FEB1F3 /* ViewController.swift in Sources */,
				D3EFCDFF27FCBD6E00FEB1F3 /* AppDelegate.swift in Sources */,
				D3EFCE0127FCBD6E00FEB1F3 /* SceneDelegate.swift in Sources */,
			);
			runOnlyForDeploymentPostprocessing = 0;
		};
/* End PBXSourcesBuildPhase section */

/* Begin PBXVariantGroup section */
		D3EFCE0427FCBD6E00FEB1F3 /* Main.storyboard */ = {
			isa = PBXVariantGroup;
			children = (
				D3EFCE0527FCBD6E00FEB1F3 /* Base */,
			);
			name = Main.storyboard;
			sourceTree = "<group>";
		};
		D3EFCE0927FCBD6F00FEB1F3 /* LaunchScreen.storyboard */ = {
			isa = PBXVariantGroup;
			children = (
				D3EFCE0A27FCBD6F00FEB1F3 /* Base */,
			);
			name = LaunchScreen.storyboard;
			sourceTree = "<group>";
		};
/* End PBXVariantGroup section */

/* Begin XCBuildConfiguration section */
		D3EFCE0D27FCBD6F00FEB1F3 /* Debug */ = {
			isa = XCBuildConfiguration;
			buildSettings = {
				ALWAYS_SEARCH_USER_PATHS = NO;
				CLANG_ANALYZER_NONNULL = YES;
				CLANG_ANALYZER_NUMBER_OBJECT_CONVERSION = YES_AGGRESSIVE;
				CLANG_CXX_LANGUAGE_STANDARD = "gnu++17";
				CLANG_ENABLE_MODULES = YES;
				CLANG_ENABLE_OBJC_ARC = YES;
				CLANG_ENABLE_OBJC_WEAK = YES;
				CLANG_WARN_BLOCK_CAPTURE_AUTORELEASING = YES;
				CLANG_WARN_BOOL_CONVERSION = YES;
				CLANG_WARN_COMMA = YES;
				CLANG_WARN_CONSTANT_CONVERSION = YES;
				CLANG_WARN_DEPRECATED_OBJC_IMPLEMENTATIONS = YES;
				CLANG_WARN_DIRECT_OBJC_ISA_USAGE = YES_ERROR;
				CLANG_WARN_DOCUMENTATION_COMMENTS = YES;
				CLANG_WARN_EMPTY_BODY = YES;
				CLANG_WARN_ENUM_CONVERSION = YES;
				CLANG_WARN_INFINITE_RECURSION = YES;
				CLANG_WARN_INT_CONVERSION = YES;
				CLANG_WARN_NON_LITERAL_NULL_CONVERSION = YES;
				CLANG_WARN_OBJC_IMPLICIT_RETAIN_SELF = YES;
				CLANG_WARN_OBJC_LITERAL_CONVERSION = YES;
				CLANG_WARN_OBJC_ROOT_CLASS = YES_ERROR;
				CLANG_WARN_QUOTED_INCLUDE_IN_FRAMEWORK_HEADER = YES;
				CLANG_WARN_RANGE_LOOP_ANALYSIS = YES;
				CLANG_WARN_STRICT_PROTOTYPES = YES;
				CLANG_WARN_SUSPICIOUS_MOVE = YES;
				CLANG_WARN_UNGUARDED_AVAILABILITY = YES_AGGRESSIVE;
				CLANG_WARN_UNREACHABLE_CODE = YES;
				CLANG_WARN__DUPLICATE_METHOD_MATCH = YES;
				COPY_PHASE_STRIP = NO;
				DEBUG_INFORMATION_FORMAT = dwarf;
				ENABLE_STRICT_OBJC_MSGSEND = YES;
				ENABLE_TESTABILITY = YES;
				GCC_C_LANGUAGE_STANDARD = gnu11;
				GCC_DYNAMIC_NO_PIC = NO;
				GCC_NO_COMMON_BLOCKS = YES;
				GCC_OPTIMIZATION_LEVEL = 0;
				GCC_PREPROCESSOR_DEFINITIONS = (
					"DEBUG=1",
					"$(inherited)",
				);
				GCC_WARN_64_TO_32_BIT_CONVERSION = YES;
				GCC_WARN_ABOUT_RETURN_TYPE = YES_ERROR;
				GCC_WARN_UNDECLARED_SELECTOR = YES;
				GCC_WARN_UNINITIALIZED_AUTOS = YES_AGGRESSIVE;
				GCC_WARN_UNUSED_FUNCTION = YES;
				GCC_WARN_UNUSED_VARIABLE = YES;
				IPHONEOS_DEPLOYMENT_TARGET = 15.4;
				MTL_ENABLE_DEBUG_INFO = INCLUDE_SOURCE;
				MTL_FAST_MATH = YES;
				ONLY_ACTIVE_ARCH = YES;
				SDKROOT = iphoneos;
				SWIFT_ACTIVE_COMPILATION_CONDITIONS = DEBUG;
				SWIFT_OPTIMIZATION_LEVEL = "-Onone";
			};
			name = Debug;
		};
		D3EFCE0E27FCBD6F00FEB1F3 /* Release */ = {
			isa = XCBuildConfiguration;
			buildSettings = {
				ALWAYS_SEARCH_USER_PATHS = NO;
				CLANG_ANALYZER_NONNULL = YES;
				CLANG_ANALYZER_NUMBER_OBJECT_CONVERSION = YES_AGGRESSIVE;
				CLANG_CXX_LANGUAGE_STANDARD = "gnu++17";
				CLANG_ENABLE_MODULES = YES;
				CLANG_ENABLE_OBJC_ARC = YES;
				CLANG_ENABLE_OBJC_WEAK = YES;
				CLANG_WARN_BLOCK_CAPTURE_AUTORELEASING = YES;
				CLANG_WARN_BOOL_CONVERSION = YES;
				CLANG_WARN_COMMA = YES;
				CLANG_WARN_CONSTANT_CONVERSION = YES;
				CLANG_WARN_DEPRECATED_OBJC_IMPLEMENTATIONS = YES;
				CLANG_WARN_DIRECT_OBJC_ISA_USAGE = YES_ERROR;
				CLANG_WARN_DOCUMENTATION_COMMENTS = YES;
				CLANG_WARN_EMPTY_BODY = YES;
				CLANG_WARN_ENUM_CONVERSION = YES;
				CLANG_WARN_INFINITE_RECURSION = YES;
				CLANG_WARN_INT_CONVERSION = YES;
				CLANG_WARN_NON_LITERAL_NULL_CONVERSION = YES;
				CLANG_WARN_OBJC_IMPLICIT_RETAIN_SELF = YES;
				CLANG_WARN_OBJC_LITERAL_CONVERSION = YES;
				CLANG_WARN_OBJC_ROOT_CLASS = YES_ERROR;
				CLANG_WARN_QUOTED_INCLUDE_IN_FRAMEWORK_HEADER = YES;
				CLANG_WARN_RANGE_LOOP_ANALYSIS = YES;
				CLANG_WARN_STRICT_PROTOTYPES = YES;
				CLANG_WARN_SUSPICIOUS_MOVE = YES;
				CLANG_WARN_UNGUARDED_AVAILABILITY = YES_AGGRESSIVE;
				CLANG_WARN_UNREACHABLE_CODE = YES;
				CLANG_WARN__DUPLICATE_METHOD_MATCH = YES;
				COPY_PHASE_STRIP = NO;
				DEBUG_INFORMATION_FORMAT = "dwarf-with-dsym";
				ENABLE_NS_ASSERTIONS = NO;
				ENABLE_STRICT_OBJC_MSGSEND = YES;
				GCC_C_LANGUAGE_STANDARD = gnu11;
				GCC_NO_COMMON_BLOCKS = YES;
				GCC_WARN_64_TO_32_BIT_CONVERSION = YES;
				GCC_WARN_ABOUT_RETURN_TYPE = YES_ERROR;
				GCC_WARN_UNDECLARED_SELECTOR = YES;
				GCC_WARN_UNINITIALIZED_AUTOS = YES_AGGRESSIVE;
				GCC_WARN_UNUSED_FUNCTION = YES;
				GCC_WARN_UNUSED_VARIABLE = YES;
				IPHONEOS_DEPLOYMENT_TARGET = 15.4;
				MTL_ENABLE_DEBUG_INFO = NO;
				MTL_FAST_MATH = YES;
				SDKROOT = iphoneos;
				SWIFT_COMPILATION_MODE = wholemodule;
				SWIFT_OPTIMIZATION_LEVEL = "-O";
				VALIDATE_PRODUCT = YES;
			};
			name = Release;
		};
		D3EFCE1027FCBD6F00FEB1F3 /* Debug */ = {
			isa = XCBuildConfiguration;
			baseConfigurationReference = BDA8EE10A1873A878F202393 /* Pods-SpringAnimation.debug.xcconfig */;
			buildSettings = {
				ASSETCATALOG_COMPILER_APPICON_NAME = AppIcon;
				ASSETCATALOG_COMPILER_GLOBAL_ACCENT_COLOR_NAME = AccentColor;
				CODE_SIGN_STYLE = Automatic;
				CURRENT_PROJECT_VERSION = 1;
				DEVELOPMENT_TEAM = S975MC8VZ3;
				GENERATE_INFOPLIST_FILE = YES;
				INFOPLIST_FILE = SpringAnimation/App/Info.plist;
				INFOPLIST_KEY_UIApplicationSupportsIndirectInputEvents = YES;
				INFOPLIST_KEY_UILaunchStoryboardName = LaunchScreen;
				INFOPLIST_KEY_UIMainStoryboardFile = Main;
				INFOPLIST_KEY_UISupportedInterfaceOrientations = UIInterfaceOrientationPortrait;
				INFOPLIST_KEY_UISupportedInterfaceOrientations_iPad = "UIInterfaceOrientationPortrait UIInterfaceOrientationPortraitUpsideDown UIInterfaceOrientationLandscapeLeft UIInterfaceOrientationLandscapeRight";
				INFOPLIST_KEY_UISupportedInterfaceOrientations_iPhone = "UIInterfaceOrientationPortrait UIInterfaceOrientationLandscapeLeft UIInterfaceOrientationLandscapeRight";
				LD_RUNPATH_SEARCH_PATHS = (
					"$(inherited)",
					"@executable_path/Frameworks",
				);
				MARKETING_VERSION = 1.0;
				PRODUCT_BUNDLE_IDENTIFIER = "ru.Aleksandra-Moiseenko.SpringAnimation";
				PRODUCT_NAME = "$(TARGET_NAME)";
				SWIFT_EMIT_LOC_STRINGS = YES;
				SWIFT_VERSION = 5.0;
				TARGETED_DEVICE_FAMILY = 1;
			};
			name = Debug;
		};
		D3EFCE1127FCBD6F00FEB1F3 /* Release */ = {
			isa = XCBuildConfiguration;
			baseConfigurationReference = FBB1387375F57F40B0B9AC1B /* Pods-SpringAnimation.release.xcconfig */;
			buildSettings = {
				ASSETCATALOG_COMPILER_APPICON_NAME = AppIcon;
				ASSETCATALOG_COMPILER_GLOBAL_ACCENT_COLOR_NAME = AccentColor;
				CODE_SIGN_STYLE = Automatic;
				CURRENT_PROJECT_VERSION = 1;
				DEVELOPMENT_TEAM = S975MC8VZ3;
				GENERATE_INFOPLIST_FILE = YES;
				INFOPLIST_FILE = SpringAnimation/App/Info.plist;
				INFOPLIST_KEY_UIApplicationSupportsIndirectInputEvents = YES;
				INFOPLIST_KEY_UILaunchStoryboardName = LaunchScreen;
				INFOPLIST_KEY_UIMainStoryboardFile = Main;
				INFOPLIST_KEY_UISupportedInterfaceOrientations = UIInterfaceOrientationPortrait;
				INFOPLIST_KEY_UISupportedInterfaceOrientations_iPad = "UIInterfaceOrientationPortrait UIInterfaceOrientationPortraitUpsideDown UIInterfaceOrientationLandscapeLeft UIInterfaceOrientationLandscapeRight";
				INFOPLIST_KEY_UISupportedInterfaceOrientations_iPhone = "UIInterfaceOrientationPortrait UIInterfaceOrientationLandscapeLeft UIInterfaceOrientationLandscapeRight";
				LD_RUNPATH_SEARCH_PATHS = (
					"$(inherited)",
					"@executable_path/Frameworks",
				);
				MARKETING_VERSION = 1.0;
				PRODUCT_BUNDLE_IDENTIFIER = "ru.Aleksandra-Moiseenko.SpringAnimation";
				PRODUCT_NAME = "$(TARGET_NAME)";
				SWIFT_EMIT_LOC_STRINGS = YES;
				SWIFT_VERSION = 5.0;
				TARGETED_DEVICE_FAMILY = 1;
			};
			name = Release;
		};
/* End XCBuildConfiguration section */

/* Begin XCConfigurationList section */
		D3EFCDF627FCBD6E00FEB1F3 /* Build configuration list for PBXProject "SpringAnimation" */ = {
			isa = XCConfigurationList;
			buildConfigurations = (
				D3EFCE0D27FCBD6F00FEB1F3 /* Debug */,
				D3EFCE0E27FCBD6F00FEB1F3 /* Release */,
			);
			defaultConfigurationIsVisible = 0;
			defaultConfigurationName = Release;
		};
		D3EFCE0F27FCBD6F00FEB1F3 /* Build configuration list for PBXNativeTarget "SpringAnimation" */ = {
			isa = XCConfigurationList;
			buildConfigurations = (
				D3EFCE1027FCBD6F00FEB1F3 /* Debug */,
				D3EFCE1127FCBD6F00FEB1F3 /* Release */,
			);
			defaultConfigurationIsVisible = 0;
			defaultConfigurationName = Release;
		};
/* End XCConfigurationList section */
	};
	rootObject = D3EFCDF327FCBD6E00FEB1F3 /* Project object */;
}
